
Microsoft Visual Studio Solution File, Format Version 12.00
# Visual Studio Version 16
VisualStudioVersion = 16.0.29519.87
MinimumVisualStudioVersion = 10.0.40219.1
Project("{FAE04EC0-301F-11D3-BF4B-00C04F79EFBC}") = "YT2MP3", "YT2MP3.csproj", "{B7717E92-B015-40D1-8FEE-9C15BF64D540}"
EndProject
Global
	GlobalSection(SolutionConfigurationPlatforms) = preSolution
		Debug|Any CPU = Debug|Any CPU
		Release|Any CPU = Release|Any CPU
	EndGlobalSection
	GlobalSection(ProjectConfigurationPlatforms) = postSolution
		{B7717E92-B015-40D1-8FEE-9C15BF64D540}.Debug|Any CPU.ActiveCfg = Debug|Any CPU
		{B7717E92-B015-40D1-8FEE-9C15BF64D540}.Debug|Any CPU.Build.0 = Debug|Any CPU
		{B7717E92-B015-40D1-8FEE-9C15BF64D540}.Release|Any CPU.ActiveCfg = Release|Any CPU
		{B7717E92-B015-40D1-8FEE-9C15BF64D540}.Release|Any CPU.Build.0 = Release|Any CPU
	EndGlobalSection
	GlobalSection(SolutionProperties) = preSolution
		HideSolutionNode = FALSE
	EndGlobalSection
	GlobalSection(ExtensibilityGlobals) = postSolution
		SolutionGuid = {751A70BE-0FE0-4043-AB10-62CF521D8C5D}
	EndGlobalSection
EndGlobal
